
Microsoft Visual Studio Solution File, Format Version 12.00
Project("{FAE04EC0-301F-11D3-BF4B-00C04F79EFBC}") = "SFA.DAS.FundingRuleValidation.Jobs", "SFA.DAS.FundingRuleValidation.Jobs.csproj", "{9701DD39-3264-4055-968B-747AED82E6DA}"
EndProject
Global
	GlobalSection(SolutionConfigurationPlatforms) = preSolution
		Debug|Any CPU = Debug|Any CPU
		Release|Any CPU = Release|Any CPU
	EndGlobalSection
	GlobalSection(ProjectConfigurationPlatforms) = postSolution
		{9701DD39-3264-4055-968B-747AED82E6DA}.Debug|Any CPU.ActiveCfg = Debug|Any CPU
		{9701DD39-3264-4055-968B-747AED82E6DA}.Debug|Any CPU.Build.0 = Debug|Any CPU
		{9701DD39-3264-4055-968B-747AED82E6DA}.Release|Any CPU.ActiveCfg = Release|Any CPU
		{9701DD39-3264-4055-968B-747AED82E6DA}.Release|Any CPU.Build.0 = Release|Any CPU
	EndGlobalSection
EndGlobal
